
Microsoft Visual Studio Solution File, Format Version 12.00
Project("{FAE04EC0-301F-11D3-BF4B-00C04F79EFBC}") = "C43-G04-API01.Web", "C43-G04-API01.Web\C43-G04-API01.Web.csproj", "{41A9F561-12B3-4BAC-8351-30D2FABA17D7}"
EndProject
Project("{2150E333-8FDC-42A3-9474-1A3956D46DE8}") = "Core", "Core", "{1BC6DB25-BB53-4327-8BE7-5D61A7892571}"
EndProject
Project("{FAE04EC0-301F-11D3-BF4B-00C04F79EFBC}") = "Domain", "Domain\Domain.csproj", "{2645FB6D-5A8B-44EB-A93B-20C4ADC323E4}"
EndProject
Project("{FAE04EC0-301F-11D3-BF4B-00C04F79EFBC}") = "Services", "Services\Services.csproj", "{E93FF4BC-19A7-483D-BB46-CFBBDB4CBA0D}"
EndProject
Project("{FAE04EC0-301F-11D3-BF4B-00C04F79EFBC}") = "ServicesAbstraction", "ServicesAbstraction\ServicesAbstraction.csproj", "{FDD24150-2D88-4F34-AC72-2B6DA26AA67F}"
EndProject
Project("{2150E333-8FDC-42A3-9474-1A3956D46DE8}") = "Infrastructure", "Infrastructure", "{B9B005DD-B6BC-49E9-B6E0-4A54657E6417}"
	ProjectSection(SolutionItems) = preProject
		DbInitializer.cs = DbInitializer.cs
	EndProjectSection
EndProject
Project("{FAE04EC0-301F-11D3-BF4B-00C04F79EFBC}") = "Persistence", "Persistence\Persistence.csproj", "{51928430-FBA8-43D6-B1C2-E07442DFA74F}"
EndProject
Project("{FAE04EC0-301F-11D3-BF4B-00C04F79EFBC}") = "Presentation", "Presentation\Presentation.csproj", "{227174FB-A2E6-49D8-9818-3FA4A47498E2}"
EndProject
Project("{FAE04EC0-301F-11D3-BF4B-00C04F79EFBC}") = "Shared", "Shared\Shared.csproj", "{D25343CF-829B-4A40-B761-8B9D2EBF1C3D}"
EndProject
Global
	GlobalSection(SolutionConfigurationPlatforms) = preSolution
		Debug|Any CPU = Debug|Any CPU
		Release|Any CPU = Release|Any CPU
	EndGlobalSection
	GlobalSection(ProjectConfigurationPlatforms) = postSolution
		{41A9F561-12B3-4BAC-8351-30D2FABA17D7}.Debug|Any CPU.ActiveCfg = Debug|Any CPU
		{41A9F561-12B3-4BAC-8351-30D2FABA17D7}.Debug|Any CPU.Build.0 = Debug|Any CPU
		{41A9F561-12B3-4BAC-8351-30D2FABA17D7}.Release|Any CPU.ActiveCfg = Release|Any CPU
		{41A9F561-12B3-4BAC-8351-30D2FABA17D7}.Release|Any CPU.Build.0 = Release|Any CPU
		{2645FB6D-5A8B-44EB-A93B-20C4ADC323E4}.Debug|Any CPU.ActiveCfg = Debug|Any CPU
		{2645FB6D-5A8B-44EB-A93B-20C4ADC323E4}.Debug|Any CPU.Build.0 = Debug|Any CPU
		{2645FB6D-5A8B-44EB-A93B-20C4ADC323E4}.Release|Any CPU.ActiveCfg = Release|Any CPU
		{2645FB6D-5A8B-44EB-A93B-20C4ADC323E4}.Release|Any CPU.Build.0 = Release|Any CPU
		{E93FF4BC-19A7-483D-BB46-CFBBDB4CBA0D}.Debug|Any CPU.ActiveCfg = Debug|Any CPU
		{E93FF4BC-19A7-483D-BB46-CFBBDB4CBA0D}.Debug|Any CPU.Build.0 = Debug|Any CPU
		{E93FF4BC-19A7-483D-BB46-CFBBDB4CBA0D}.Release|Any CPU.ActiveCfg = Release|Any CPU
		{E93FF4BC-19A7-483D-BB46-CFBBDB4CBA0D}.Release|Any CPU.Build.0 = Release|Any CPU
		{FDD24150-2D88-4F34-AC72-2B6DA26AA67F}.Debug|Any CPU.ActiveCfg = Debug|Any CPU
		{FDD24150-2D88-4F34-AC72-2B6DA26AA67F}.Debug|Any CPU.Build.0 = Debug|Any CPU
		{FDD24150-2D88-4F34-AC72-2B6DA26AA67F}.Release|Any CPU.ActiveCfg = Release|Any CPU
		{FDD24150-2D88-4F34-AC72-2B6DA26AA67F}.Release|Any CPU.Build.0 = Release|Any CPU
		{51928430-FBA8-43D6-B1C2-E07442DFA74F}.Debug|Any CPU.ActiveCfg = Debug|Any CPU
		{51928430-FBA8-43D6-B1C2-E07442DFA74F}.Debug|Any CPU.Build.0 = Debug|Any CPU
		{51928430-FBA8-43D6-B1C2-E07442DFA74F}.Release|Any CPU.ActiveCfg = Release|Any CPU
		{51928430-FBA8-43D6-B1C2-E07442DFA74F}.Release|Any CPU.Build.0 = Release|Any CPU
		{227174FB-A2E6-49D8-9818-3FA4A47498E2}.Debug|Any CPU.ActiveCfg = Debug|Any CPU
		{227174FB-A2E6-49D8-9818-3FA4A47498E2}.Debug|Any CPU.Build.0 = Debug|Any CPU
		{227174FB-A2E6-49D8-9818-3FA4A47498E2}.Release|Any CPU.ActiveCfg = Release|Any CPU
		{227174FB-A2E6-49D8-9818-3FA4A47498E2}.Release|Any CPU.Build.0 = Release|Any CPU
		{D25343CF-829B-4A40-B761-8B9D2EBF1C3D}.Debug|Any CPU.ActiveCfg = Debug|Any CPU
		{D25343CF-829B-4A40-B761-8B9D2EBF1C3D}.Debug|Any CPU.Build.0 = Debug|Any CPU
		{D25343CF-829B-4A40-B761-8B9D2EBF1C3D}.Release|Any CPU.ActiveCfg = Release|Any CPU
		{D25343CF-829B-4A40-B761-8B9D2EBF1C3D}.Release|Any CPU.Build.0 = Release|Any CPU
	EndGlobalSection
	GlobalSection(NestedProjects) = preSolution
		{2645FB6D-5A8B-44EB-A93B-20C4ADC323E4} = {1BC6DB25-BB53-4327-8BE7-5D61A7892571}
		{E93FF4BC-19A7-483D-BB46-CFBBDB4CBA0D} = {1BC6DB25-BB53-4327-8BE7-5D61A7892571}
		{FDD24150-2D88-4F34-AC72-2B6DA26AA67F} = {1BC6DB25-BB53-4327-8BE7-5D61A7892571}
		{51928430-FBA8-43D6-B1C2-E07442DFA74F} = {B9B005DD-B6BC-49E9-B6E0-4A54657E6417}
		{227174FB-A2E6-49D8-9818-3FA4A47498E2} = {B9B005DD-B6BC-49E9-B6E0-4A54657E6417}
	EndGlobalSection
EndGlobal
